
Microsoft Visual Studio Solution File, Format Version 12.00
# Visual Studio Version 17
VisualStudioVersion = 17.6.33829.357
MinimumVisualStudioVersion = 10.0.40219.1
Project("{FAE04EC0-301F-11D3-BF4B-00C04F79EFBC}") = "demo1", "demo1.csproj", "{7627358E-ACB8-4612-B687-5787D8F172AB}"
EndProject
Global
	GlobalSection(SolutionConfigurationPlatforms) = preSolution
		Debug|Any CPU = Debug|Any CPU
		Release|Any CPU = Release|Any CPU
	EndGlobalSection
	GlobalSection(ProjectConfigurationPlatforms) = postSolution
		{7627358E-ACB8-4612-B687-5787D8F172AB}.Debug|Any CPU.ActiveCfg = Debug|Any CPU
		{7627358E-ACB8-4612-B687-5787D8F172AB}.Debug|Any CPU.Build.0 = Debug|Any CPU
		{7627358E-ACB8-4612-B687-5787D8F172AB}.Release|Any CPU.ActiveCfg = Release|Any CPU
		{7627358E-ACB8-4612-B687-5787D8F172AB}.Release|Any CPU.Build.0 = Release|Any CPU
	EndGlobalSection
	GlobalSection(SolutionProperties) = preSolution
		HideSolutionNode = FALSE
	EndGlobalSection
	GlobalSection(ExtensibilityGlobals) = postSolution
		SolutionGuid = {7AB2858B-666E-4802-9042-19431D755438}
	EndGlobalSection
EndGlobal
